{
  "lockfileVersion": 1,
  "configVersion": 1,
  "workspaces": {
    "": {
      "name": "@phreshos/node",
      "dependencies": {
        "@phreshos/core": "^0.1.40",
        "@the-link/ipc": "^0.2.1",
        "@the-link/messagepack": "^0.1.0",
        "adm-zip": "^0.6.0",
        "jiti": "^2.7.0",
      },
      "devDependencies": {
        "@types/adm-zip": "^0.5.8",
        "@types/node": "^26.2.0",
        "typescript": "^6.0.3",
      },
    },
  },
  "packages": {
    "@msgpack/msgpack": ["@msgpack/msgpack@3.1.3", "", {}, "sha512-47XIizs9XZXvuJgoaJUIE2lFoID8ugvc0jzSHP+Ptfk8nTbnR8g788wv48N03Kx0UkAv559HWRQ3yzOgzlRNUA=="],

    "@phreshos/core": ["@phreshos/core@0.1.40", "", {}, "sha512-qigxWHYeVkpPGhYIQ+3EooiABkOjGMrtOhr06S7J862q/fIM56AltX1iHgRBiySg8uoY+NXM5+rbAH0cCX6IpA=="],

    "@the-link/core": ["@the-link/core@0.3.1", "", { "dependencies": { "uuid": "^14.0.1" } }, "sha512-jH9mPLoXb+7pCxN7yGzo6TC4E1zb8HHrR5GidStEumM9NE+pIqolehXzdcCyPTJR4KIgZ4q64cjKs8QPruwWwA=="],

    "@the-link/ipc": ["@the-link/ipc@0.2.1", "", { "dependencies": { "@the-link/core": "^0.3.0" } }, "sha512-5sPn0y4kDSYulG8pTmzxdAPscqS1S+K8pLOlLHDUnCzEzlytY6a3rvK2PYD1neBaKkUsWml64lrRkzp8d2nkdA=="],

    "@the-link/messagepack": ["@the-link/messagepack@0.1.0", "", { "dependencies": { "@msgpack/msgpack": "^3.1.3" } }, "sha512-Ktnd6sBPZKLCYl6wnxZjxnCzCBWv33k5iUXAs3hVueejj7vQ5wK5KQVPqaQmfeBFuyOo68KqtVaMxl7A1c/atg=="],

    "@types/adm-zip": ["@types/adm-zip@0.5.8", "", { "dependencies": { "@types/node": "*" } }, "sha512-RVVH7QvZYbN+ihqZ4kX/dMiowf6o+Jk1fNwiSdx0NahBJLU787zkULhGhJM8mf/obmLGmgdMM0bXsQTmyfbR7Q=="],

    "@types/node": ["@types/node@26.4.0", "", { "dependencies": { "undici-types": "~8.3.0" } }, "sha512-faiGnoIrLH/V8cibOMEAZ8pMw6oXqSukl29ra4mN8GdaB2ZewzeaLj+INpV5N+Z1eKWzY+IzaIZH2EIR6YZRNQ=="],

    "adm-zip": ["adm-zip@0.6.0", "", {}, "sha512-XleryMhbuksdKtofnWZ9Sk+4CUTbms4Mb/EU32SZwToAyZ5RgVos/ki8n+yr0LWHOGKuakbXTuuYNHLQjhddgg=="],

    "jiti": ["jiti@2.7.0", "", { "bin": { "jiti": "lib/jiti-cli.mjs" } }, "sha512-AC/7JofJvZGrrneWNaEnJeOLUx+JlGt7tNa0wZiRPT4MY1wmfKjt2+6O2p2uz2+skll8OZZmJMNqeke7kKbNgQ=="],

    "typescript": ["typescript@6.0.3", "", { "bin": { "tsc": "bin/tsc", "tsserver": "bin/tsserver" } }, "sha512-y2TvuxSZPDyQakkFRPZHKFm+KKVqIisdg9/CZwm9ftvKXLP8NRWj38/ODjNbr43SsoXqNuAisEf1GdCxqWcdBw=="],

    "undici-types": ["undici-types@8.3.0", "", {}, "sha512-j375ScV60dom+YkPFIfTLcOiPxkN/buHz5GobjLhixFuANaNs3C9l4GmrWqejgXWJ7BbJcFYpTEUkS1Ge8bpZQ=="],

    "uuid": ["uuid@14.0.2", "", { "bin": { "uuid": "dist-node/bin/uuid" } }, "sha512-xZe/16rV4aa+HGSOCiY2YeLT1OybRLrrkL/Rqaq7p7GMVXjFh+6wN4oMYgjFmnSnhY8t6Xpdl2l9qmnHYuMHwQ=="],
  }
}
